<Solution>
  <Project Path="Projects-Management-Studio.API/Projects-Management-Studio.API.csproj" />
  <Project Path="Projects-Management-Studio.App/Projects-Management-Studio.App.csproj" />
  <Project Path="Projects-Management-Studio.Domain/Projects-Management-Studio.Domain.csproj" />
  <Project Path="Projects-Management-Studio.Infra/Projects-Management-Studio.Infra.csproj" />
</Solution>
